
Microsoft Visual Studio Solution File, Format Version 12.00
# Visual Studio Version 17
VisualStudioVersion = 17.3.32804.467
MinimumVisualStudioVersion = 10.0.40219.1
Project("{FAE04EC0-301F-11D3-BF4B-00C04F79EFBC}") = "Ejercicio1-CursoC-OpenBootcamp", "Ejercicio1-CursoC-OpenBootcamp\Ejercicio1-CursoC-OpenBootcamp.csproj", "{19C67411-823A-4EAF-A14A-2DAD47A9A717}"
EndProject
Global
	GlobalSection(SolutionConfigurationPlatforms) = preSolution
		Debug|Any CPU = Debug|Any CPU
		Release|Any CPU = Release|Any CPU
	EndGlobalSection
	GlobalSection(ProjectConfigurationPlatforms) = postSolution
		{19C67411-823A-4EAF-A14A-2DAD47A9A717}.Debug|Any CPU.ActiveCfg = Debug|Any CPU
		{19C67411-823A-4EAF-A14A-2DAD47A9A717}.Debug|Any CPU.Build.0 = Debug|Any CPU
		{19C67411-823A-4EAF-A14A-2DAD47A9A717}.Release|Any CPU.ActiveCfg = Release|Any CPU
		{19C67411-823A-4EAF-A14A-2DAD47A9A717}.Release|Any CPU.Build.0 = Release|Any CPU
	EndGlobalSection
	GlobalSection(SolutionProperties) = preSolution
		HideSolutionNode = FALSE
	EndGlobalSection
	GlobalSection(ExtensibilityGlobals) = postSolution
		SolutionGuid = {EAD2010E-DAB0-43E1-A4D6-BD4E7803995C}
	EndGlobalSection
EndGlobal
